
Microsoft Visual Studio Solution File, Format Version 12.00
# Visual Studio Version 16
VisualStudioVersion = 16.0.30907.101
MinimumVisualStudioVersion = 10.0.40219.1
Project("{FAE04EC0-301F-11D3-BF4B-00C04F79EFBC}") = "GameProject", "GameProject\GameProject.csproj", "{8883BACC-D08F-4317-B070-C788228B6E34}"
EndProject
Global
	GlobalSection(SolutionConfigurationPlatforms) = preSolution
		Debug|Any CPU = Debug|Any CPU
		Release|Any CPU = Release|Any CPU
	EndGlobalSection
	GlobalSection(ProjectConfigurationPlatforms) = postSolution
		{8883BACC-D08F-4317-B070-C788228B6E34}.Debug|Any CPU.ActiveCfg = Debug|Any CPU
		{8883BACC-D08F-4317-B070-C788228B6E34}.Debug|Any CPU.Build.0 = Debug|Any CPU
		{8883BACC-D08F-4317-B070-C788228B6E34}.Release|Any CPU.ActiveCfg = Release|Any CPU
		{8883BACC-D08F-4317-B070-C788228B6E34}.Release|Any CPU.Build.0 = Release|Any CPU
	EndGlobalSection
	GlobalSection(SolutionProperties) = preSolution
		HideSolutionNode = FALSE
	EndGlobalSection
	GlobalSection(ExtensibilityGlobals) = postSolution
		SolutionGuid = {8B58ABE7-A70A-4044-BD56-E1359E231752}
	EndGlobalSection
EndGlobal
